// !$*UTF8*$!
{
	archiveVersion = 1;
	classes = {
	};
	objectVersion = 50;
	objects = {

/* Begin PBXBuildFile section */
		991320C4245CBAD900F90746 /* AppDelegate.swift in Sources */ = {isa = PBXBuildFile; fileRef = 991320C3245CBAD900F90746 /* AppDelegate.swift */; };
		991320C6245CBAD900F90746 /* SceneDelegate.swift in Sources */ = {isa = PBXBuildFile; fileRef = 991320C5245CBAD900F90746 /* SceneDelegate.swift */; };
		991320C8245CBAD900F90746 /* ViewController.swift in Sources */ = {isa = PBXBuildFile; fileRef = 991320C7245CBAD900F90746 /* ViewController.swift */; };
		991320CB245CBAD900F90746 /* Main.storyboard in Resources */ = {isa = PBXBuildFile; fileRef = 991320C9245CBAD900F90746 /* Main.storyboard */; };
		991320CD245CBADA00F90746 /* Assets.xcassets in Resources */ = {isa = PBXBuildFile; fileRef = 991320CC245CBADA00F90746 /* Assets.xcassets */; };
		991320D0245CBADA00F90746 /* LaunchScreen.storyboard in Resources */ = {isa = PBXBuildFile; fileRef = 991320CE245CBADA00F90746 /* LaunchScreen.storyboard */; };
		991320D9245CBBC600F90746 /* ResultsViewController.swift in Sources */ = {isa = PBXBuildFile; fileRef = 991320D8245CBBC600F90746 /* ResultsViewController.swift */; };
/* End PBXBuildFile section */

/* Begin PBXFileReference section */
		991320C0245CBAD900F90746 /* SplitApp.app */ = {isa = PBXFileReference; explicitFileType = wrapper.application; includeInIndex = 0; path = SplitApp.app; sourceTree = BUILT_PRODUCTS_DIR; };
		991320C3245CBAD900F90746 /* AppDelegate.swift */ = {isa = PBXFileReference; lastKnownFileType = sourcecode.swift; path = AppDelegate.swift; sourceTree = "<group>"; };
		991320C5245CBAD900F90746 /* SceneDelegate.swift */ = {isa = PBXFileReference; lastKnownFileType = sourcecode.swift; path = SceneDelegate.swift; sourceTree = "<group>"; };
		991320C7245CBAD900F90746 /* ViewController.swift */ = {isa = PBXFileReference; lastKnownFileType = sourcecode.swift; path = ViewController.swift; sourceTree = "<group>"; };
		991320CA245CBAD900F90746 /* Base */ = {isa = PBXFileReference; lastKnownFileType = file.storyboard; name = Base; path = Base.lproj/Main.storyboard; sourceTree = "<group>"; };
		991320CC245CBADA00F90746 /* Assets.xcassets */ = {isa = PBXFileReference; lastKnownFileType = folder.assetcatalog; path = Assets.xcassets; sourceTree = "<group>"; };
		991320CF245CBADA00F90746 /* Base */ = {isa = PBXFileReference; lastKnownFileType = file.storyboard; name = Base; path = Base.lproj/LaunchScreen.storyboard; sourceTree = "<group>"; };
		991320D1245CBADA00F90746 /* Info.plist */ = {isa = PBXFileReference; lastKnownFileType = text.plist.xml; path = Info.plist; sourceTree = "<group>"; };
		991320D8245CBBC600F90746 /* ResultsViewController.swift */ = {isa = PBXFileReference; lastKnownFileType = sourcecode.swift; path = ResultsViewController.swift; sourceTree = "<group>"; };
/* End PBXFileReference section */

/* Begin PBXFrameworksBuildPhase section */
		991320BD245CBAD900F90746 /* Frameworks */ = {
			isa = PBXFrameworksBuildPhase;
			buildActionMask = 2147483647;
			files = (
			);
			runOnlyForDeploymentPostprocessing = 0;
		};
/* End PBXFrameworksBuildPhase section */

/* Begin PBXGroup section */
		991320B7245CBAD900F90746 = {
			isa = PBXGroup;
			children = (
				991320C2245CBAD900F90746 /* SplitApp */,
				991320C1245CBAD900F90746 /* Products */,
			);
			sourceTree = "<group>";
		};
		991320C1245CBAD900F90746 /* Products */ = {
			isa = PBXGroup;
			children = (
				991320C0245CBAD900F90746 /* SplitApp.app */,
			);
			name = Products;
			sourceTree = "<group>";
		};
		991320C2245CBAD900F90746 /* SplitApp */ = {
			isa = PBXGroup;
			children = (
				991320D7245CBB9500F90746 /* Controllers */,
				991320C3245CBAD900F90746 /* AppDelegate.swift */,
				991320C5245CBAD900F90746 /* SceneDelegate.swift */,
				991320C9245CBAD900F90746 /* Main.storyboard */,
				991320CC245CBADA00F90746 /* Assets.xcassets */,
				991320CE245CBADA00F90746 /* LaunchScreen.storyboard */,
				991320D1245CBADA00F90746 /* Info.plist */,
			);
			path = SplitApp;
			sourceTree = "<group>";
		};
		991320D7245CBB9500F90746 /* Controllers */ = {
			isa = PBXGroup;
			children = (
				991320C7245CBAD900F90746 /* ViewController.swift */,
				991320D8245CBBC600F90746 /* ResultsViewController.swift */,
			);
			path = Controllers;
			sourceTree = "<group>";
		};
/* End PBXGroup section */

/* Begin PBXNativeTarget section */
		991320BF245CBAD900F90746 /* SplitApp */ = {
			isa = PBXNativeTarget;
			buildConfigurationList = 991320D4245CBADA00F90746 /* Build configuration list for PBXNativeTarget "SplitApp" */;
			buildPhases = (
				991320BC245CBAD900F90746 /* Sources */,
				991320BD245CBAD900F90746 /* Frameworks */,
				991320BE245CBAD900F90746 /* Resources */,
			);
			buildRules = (
			);
			dependencies = (
			);
			name = SplitApp;
			productName = SplitApp;
			productReference = 991320C0245CBAD900F90746 /* SplitApp.app */;
			productType = "com.apple.product-type.application";
		};
/* End PBXNativeTarget section */

/* Begin PBXProject section */
		991320B8245CBAD900F90746 /* Project object */ = {
			isa = PBXProject;
			attributes = {
				LastSwiftUpdateCheck = 1130;
				LastUpgradeCheck = 1130;
				ORGANIZATIONNAME = "Marouf, Zakaria";
				TargetAttributes = {
					991320BF245CBAD900F90746 = {
						CreatedOnToolsVersion = 11.3.1;
					};
				};
			};
			buildConfigurationList = 991320BB245CBAD900F90746 /* Build configuration list for PBXProject "SplitApp" */;
			compatibilityVersion = "Xcode 9.3";
			developmentRegion = en;
			hasScannedForEncodings = 0;
			knownRegions = (
				en,
				Base,
			);
			mainGroup = 991320B7245CBAD900F90746;
			productRefGroup = 991320C1245CBAD900F90746 /* Products */;
			projectDirPath = "";
			projectRoot = "";
			targets = (
				991320BF245CBAD900F90746 /* SplitApp */,
			);
		};
/* End PBXProject section */

/* Begin PBXResourcesBuildPhase section */
		991320BE245CBAD900F90746 /* Resources */ = {
			isa = PBXResourcesBuildPhase;
			buildActionMask = 2147483647;
			files = (
				991320D0245CBADA00F90746 /* LaunchScreen.storyboard in Resources */,
				991320CD245CBADA00F90746 /* Assets.xcassets in Resources */,
				991320CB245CBAD900F90746 /* Main.storyboard in Resources */,
			);
			runOnlyForDeploymentPostprocessing = 0;
		};
/* End PBXResourcesBuildPhase section */

/* Begin PBXSourcesBuildPhase section */
		991320BC245CBAD900F90746 /* Sources */ = {
			isa = PBXSourcesBuildPhase;
			buildActionMask = 2147483647;
			files = (
				991320C8245CBAD900F90746 /* ViewController.swift in Sources */,
				991320C4245CBAD900F90746 /* AppDelegate.swift in Sources */,
				991320C6245CBAD900F90746 /* SceneDelegate.swift in Sources */,
				991320D9245CBBC600F90746 /* ResultsViewController.swift in Sources */,
			);
			runOnlyForDeploymentPostprocessing = 0;
		};
/* End PBXSourcesBuildPhase section */

/* Begin PBXVariantGroup section */
		991320C9245CBAD900F90746 /* Main.storyboard */ = {
			isa = PBXVariantGroup;
			children = (
				991320CA245CBAD900F90746 /* Base */,
			);
			name = Main.storyboard;
			sourceTree = "<group>";
		};
		991320CE245CBADA00F90746 /* LaunchScreen.storyboard */ = {
			isa = PBXVariantGroup;
			children = (
				991320CF245CBADA00F90746 /* Base */,
			);
			name = LaunchScreen.storyboard;
			sourceTree = "<group>";
		};
/* End PBXVariantGroup section */

/* Begin XCBuildConfiguration section */
		991320D2245CBADA00F90746 /* Debug */ = {
			isa = XCBuildConfiguration;
			buildSettings = {
				ALWAYS_SEARCH_USER_PATHS = NO;
				CLANG_ANALYZER_NONNULL = YES;
				CLANG_ANALYZER_NUMBER_OBJECT_CONVERSION = YES_AGGRESSIVE;
				CLANG_CXX_LANGUAGE_STANDARD = "gnu++14";
				CLANG_CXX_LIBRARY = "libc++";
				CLANG_ENABLE_MODULES = YES;
				CLANG_ENABLE_OBJC_ARC = YES;
				CLANG_ENABLE_OBJC_WEAK = YES;
				CLANG_WARN_BLOCK_CAPTURE_AUTORELEASING = YES;
				CLANG_WARN_BOOL_CONVERSION = YES;
				CLANG_WARN_COMMA = YES;
				CLANG_WARN_CONSTANT_CONVERSION = YES;
				CLANG_WARN_DEPRECATED_OBJC_IMPLEMENTATIONS = YES;
				CLANG_WARN_DIRECT_OBJC_ISA_USAGE = YES_ERROR;
				CLANG_WARN_DOCUMENTATION_COMMENTS = YES;
				CLANG_WARN_EMPTY_BODY = YES;
				CLANG_WARN_ENUM_CONVERSION = YES;
				CLANG_WARN_INFINITE_RECURSION = YES;
				CLANG_WARN_INT_CONVERSION = YES;
				CLANG_WARN_NON_LITERAL_NULL_CONVERSION = YES;
				CLANG_WARN_OBJC_IMPLICIT_RETAIN_SELF = YES;
				CLANG_WARN_OBJC_LITERAL_CONVERSION = YES;
				CLANG_WARN_OBJC_ROOT_CLASS = YES_ERROR;
				CLANG_WARN_RANGE_LOOP_ANALYSIS = YES;
				CLANG_WARN_STRICT_PROTOTYPES = YES;
				CLANG_WARN_SUSPICIOUS_MOVE = YES;
				CLANG_WARN_UNGUARDED_AVAILABILITY = YES_AGGRESSIVE;
				CLANG_WARN_UNREACHABLE_CODE = YES;
				CLANG_WARN__DUPLICATE_METHOD_MATCH = YES;
				COPY_PHASE_STRIP = NO;
				DEBUG_INFORMATION_FORMAT = dwarf;
				ENABLE_STRICT_OBJC_MSGSEND = YES;
				ENABLE_TESTABILITY = YES;
				GCC_C_LANGUAGE_STANDARD = gnu11;
				GCC_DYNAMIC_NO_PIC = NO;
				GCC_NO_COMMON_BLOCKS = YES;
				GCC_OPTIMIZATION_LEVEL = 0;
				GCC_PREPROCESSOR_DEFINITIONS = (
					"DEBUG=1",
					"$(inherited)",
				);
				GCC_WARN_64_TO_32_BIT_CONVERSION = YES;
				GCC_WARN_ABOUT_RETURN_TYPE = YES_ERROR;
				GCC_WARN_UNDECLARED_SELECTOR = YES;
				GCC_WARN_UNINITIALIZED_AUTOS = YES_AGGRESSIVE;
				GCC_WARN_UNUSED_FUNCTION = YES;
				GCC_WARN_UNUSED_VARIABLE = YES;
				IPHONEOS_DEPLOYMENT_TARGET = 13.2;
				MTL_ENABLE_DEBUG_INFO = INCLUDE_SOURCE;
				MTL_FAST_MATH = YES;
				ONLY_ACTIVE_ARCH = YES;
				SDKROOT = iphoneos;
				SWIFT_ACTIVE_COMPILATION_CONDITIONS = DEBUG;
				SWIFT_OPTIMIZATION_LEVEL = "-Onone";
			};
			name = Debug;
		};
		991320D3245CBADA00F90746 /* Release */ = {
			isa = XCBuildConfiguration;
			buildSettings = {
				ALWAYS_SEARCH_USER_PATHS = NO;
				CLANG_ANALYZER_NONNULL = YES;
				CLANG_ANALYZER_NUMBER_OBJECT_CONVERSION = YES_AGGRESSIVE;
				CLANG_CXX_LANGUAGE_STANDARD = "gnu++14";
				CLANG_CXX_LIBRARY = "libc++";
				CLANG_ENABLE_MODULES = YES;
				CLANG_ENABLE_OBJC_ARC = YES;
				CLANG_ENABLE_OBJC_WEAK = YES;
				CLANG_WARN_BLOCK_CAPTURE_AUTORELEASING = YES;
				CLANG_WARN_BOOL_CONVERSION = YES;
				CLANG_WARN_COMMA = YES;
				CLANG_WARN_CONSTANT_CONVERSION = YES;
				CLANG_WARN_DEPRECATED_OBJC_IMPLEMENTATIONS = YES;
				CLANG_WARN_DIRECT_OBJC_ISA_USAGE = YES_ERROR;
				CLANG_WARN_DOCUMENTATION_COMMENTS = YES;
				CLANG_WARN_EMPTY_BODY = YES;
				CLANG_WARN_ENUM_CONVERSION = YES;
				CLANG_WARN_INFINITE_RECURSION = YES;
				CLANG_WARN_INT_CONVERSION = YES;
				CLANG_WARN_NON_LITERAL_NULL_CONVERSION = YES;
				CLANG_WARN_OBJC_IMPLICIT_RETAIN_SELF = YES;
				CLANG_WARN_OBJC_LITERAL_CONVERSION = YES;
				CLANG_WARN_OBJC_ROOT_CLASS = YES_ERROR;
				CLANG_WARN_RANGE_LOOP_ANALYSIS = YES;
				CLANG_WARN_STRICT_PROTOTYPES = YES;
				CLANG_WARN_SUSPICIOUS_MOVE = YES;
				CLANG_WARN_UNGUARDED_AVAILABILITY = YES_AGGRESSIVE;
				CLANG_WARN_UNREACHABLE_CODE = YES;
				CLANG_WARN__DUPLICATE_METHOD_MATCH = YES;
				COPY_PHASE_STRIP = NO;
				DEBUG_INFORMATION_FORMAT = "dwarf-with-dsym";
				ENABLE_NS_ASSERTIONS = NO;
				ENABLE_STRICT_OBJC_MSGSEND = YES;
				GCC_C_LANGUAGE_STANDARD = gnu11;
				GCC_NO_COMMON_BLOCKS = YES;
				GCC_WARN_64_TO_32_BIT_CONVERSION = YES;
				GCC_WARN_ABOUT_RETURN_TYPE = YES_ERROR;
				GCC_WARN_UNDECLARED_SELECTOR = YES;
				GCC_WARN_UNINITIALIZED_AUTOS = YES_AGGRESSIVE;
				GCC_WARN_UNUSED_FUNCTION = YES;
				GCC_WARN_UNUSED_VARIABLE = YES;
				IPHONEOS_DEPLOYMENT_TARGET = 13.2;
				MTL_ENABLE_DEBUG_INFO = NO;
				MTL_FAST_MATH = YES;
				SDKROOT = iphoneos;
				SWIFT_COMPILATION_MODE = wholemodule;
				SWIFT_OPTIMIZATION_LEVEL = "-O";
				VALIDATE_PRODUCT = YES;
			};
			name = Release;
		};
		991320D5245CBADA00F90746 /* Debug */ = {
			isa = XCBuildConfiguration;
			buildSettings = {
				ASSETCATALOG_COMPILER_APPICON_NAME = AppIcon;
				CODE_SIGN_STYLE = Automatic;
				INFOPLIST_FILE = SplitApp/Info.plist;
				LD_RUNPATH_SEARCH_PATHS = (
					"$(inherited)",
					"@executable_path/Frameworks",
				);
				PRODUCT_BUNDLE_IDENTIFIER = com.zakaria.SplitApp;
				PRODUCT_NAME = "$(TARGET_NAME)";
				SWIFT_VERSION = 5.0;
				TARGETED_DEVICE_FAMILY = "1,2";
			};
			name = Debug;
		};
		991320D6245CBADA00F90746 /* Release */ = {
			isa = XCBuildConfiguration;
			buildSettings = {
				ASSETCATALOG_COMPILER_APPICON_NAME = AppIcon;
				CODE_SIGN_STYLE = Automatic;
				INFOPLIST_FILE = SplitApp/Info.plist;
				LD_RUNPATH_SEARCH_PATHS = (
					"$(inherited)",
					"@executable_path/Frameworks",
				);
				PRODUCT_BUNDLE_IDENTIFIER = com.zakaria.SplitApp;
				PRODUCT_NAME = "$(TARGET_NAME)";
				SWIFT_VERSION = 5.0;
				TARGETED_DEVICE_FAMILY = "1,2";
			};
			name = Release;
		};
/* End XCBuildConfiguration section */

/* Begin XCConfigurationList section */
		991320BB245CBAD900F90746 /* Build configuration list for PBXProject "SplitApp" */ = {
			isa = XCConfigurationList;
			buildConfigurations = (
				991320D2245CBADA00F90746 /* Debug */,
				991320D3245CBADA00F90746 /* Release */,
			);
			defaultConfigurationIsVisible = 0;
			defaultConfigurationName = Release;
		};
		991320D4245CBADA00F90746 /* Build configuration list for PBXNativeTarget "SplitApp" */ = {
			isa = XCConfigurationList;
			buildConfigurations = (
				991320D5245CBADA00F90746 /* Debug */,
				991320D6245CBADA00F90746 /* Release */,
			);
			defaultConfigurationIsVisible = 0;
			defaultConfigurationName = Release;
		};
/* End XCConfigurationList section */
	};
	rootObject = 991320B8245CBAD900F90746 /* Project object */;
}
